
Microsoft Visual Studio Solution File, Format Version 12.00
# Visual Studio Version 16
VisualStudioVersion = 16.0.29728.190
MinimumVisualStudioVersion = 10.0.40219.1
Project("{9A19103F-16F7-4668-BE54-9A1E7A4F7556}") = "Server", "Server\Server.csproj", "{076093DF-7871-46E6-A005-FF8C6454A85E}"
EndProject
Project("{E53339B2-1760-4266-BCC7-CA923CBCF16C}") = "docker-compose", "docker-compose.dcproj", "{5243C08C-1D94-48B0-ADED-F43C51F8101A}"
EndProject
Global
	GlobalSection(SolutionConfigurationPlatforms) = preSolution
		Debug|Any CPU = Debug|Any CPU
		Release|Any CPU = Release|Any CPU
	EndGlobalSection
	GlobalSection(ProjectConfigurationPlatforms) = postSolution
		{076093DF-7871-46E6-A005-FF8C6454A85E}.Debug|Any CPU.ActiveCfg = Debug|Any CPU
		{076093DF-7871-46E6-A005-FF8C6454A85E}.Debug|Any CPU.Build.0 = Debug|Any CPU
		{076093DF-7871-46E6-A005-FF8C6454A85E}.Release|Any CPU.ActiveCfg = Release|Any CPU
		{076093DF-7871-46E6-A005-FF8C6454A85E}.Release|Any CPU.Build.0 = Release|Any CPU
		{5243C08C-1D94-48B0-ADED-F43C51F8101A}.Debug|Any CPU.ActiveCfg = Debug|Any CPU
		{5243C08C-1D94-48B0-ADED-F43C51F8101A}.Debug|Any CPU.Build.0 = Debug|Any CPU
		{5243C08C-1D94-48B0-ADED-F43C51F8101A}.Release|Any CPU.ActiveCfg = Release|Any CPU
		{5243C08C-1D94-48B0-ADED-F43C51F8101A}.Release|Any CPU.Build.0 = Release|Any CPU
	EndGlobalSection
	GlobalSection(SolutionProperties) = preSolution
		HideSolutionNode = FALSE
	EndGlobalSection
	GlobalSection(ExtensibilityGlobals) = postSolution
		SolutionGuid = {3690DED3-9DC7-4E27-93B2-1B783A56DAC2}
	EndGlobalSection
EndGlobal
